
Microsoft Visual Studio Solution File, Format Version 12.00
# Visual Studio Version 17
VisualStudioVersion = 17.11.35222.181
MinimumVisualStudioVersion = 10.0.40219.1
Project("{FAE04EC0-301F-11D3-BF4B-00C04F79EFBC}") = "ÖDEVV2", "ÖDEVV2\ÖDEVV2.csproj", "{FBA42275-7BFB-4A6F-BC8C-45440CB91FF7}"
EndProject
Global
	GlobalSection(SolutionConfigurationPlatforms) = preSolution
		Debug|Any CPU = Debug|Any CPU
		Release|Any CPU = Release|Any CPU
	EndGlobalSection
	GlobalSection(ProjectConfigurationPlatforms) = postSolution
		{FBA42275-7BFB-4A6F-BC8C-45440CB91FF7}.Debug|Any CPU.ActiveCfg = Debug|Any CPU
		{FBA42275-7BFB-4A6F-BC8C-45440CB91FF7}.Debug|Any CPU.Build.0 = Debug|Any CPU
		{FBA42275-7BFB-4A6F-BC8C-45440CB91FF7}.Release|Any CPU.ActiveCfg = Release|Any CPU
		{FBA42275-7BFB-4A6F-BC8C-45440CB91FF7}.Release|Any CPU.Build.0 = Release|Any CPU
	EndGlobalSection
	GlobalSection(SolutionProperties) = preSolution
		HideSolutionNode = FALSE
	EndGlobalSection
	GlobalSection(ExtensibilityGlobals) = postSolution
		SolutionGuid = {1BC4C9D0-7D53-4C3D-AFBF-71DB85C9BF91}
	EndGlobalSection
EndGlobal
